// !$*UTF8*$!
{
	archiveVersion = 1;
	classes = {
	};
	objectVersion = 46;
	objects = {

/* Begin PBXBuildFile section */
		149080061D5D40E600C808E4 /* AppDelegate.swift in Sources */ = {isa = PBXBuildFile; fileRef = 149080051D5D40E600C808E4 /* AppDelegate.swift */; };
		149080081D5D40E600C808E4 /* ViewController.swift in Sources */ = {isa = PBXBuildFile; fileRef = 149080071D5D40E600C808E4 /* ViewController.swift */; };
		1490800B1D5D40E600C808E4 /* Main.storyboard in Resources */ = {isa = PBXBuildFile; fileRef = 149080091D5D40E600C808E4 /* Main.storyboard */; };
		1490800D1D5D40E600C808E4 /* Assets.xcassets in Resources */ = {isa = PBXBuildFile; fileRef = 1490800C1D5D40E600C808E4 /* Assets.xcassets */; };
		149080101D5D40E600C808E4 /* LaunchScreen.storyboard in Resources */ = {isa = PBXBuildFile; fileRef = 1490800E1D5D40E600C808E4 /* LaunchScreen.storyboard */; };
		1490801B1D5D40E600C808E4 /* MiraclePillTests.swift in Sources */ = {isa = PBXBuildFile; fileRef = 1490801A1D5D40E600C808E4 /* MiraclePillTests.swift */; };
		149080261D5D40E600C808E4 /* MiraclePillUITests.swift in Sources */ = {isa = PBXBuildFile; fileRef = 149080251D5D40E600C808E4 /* MiraclePillUITests.swift */; };
/* End PBXBuildFile section */

/* Begin PBXContainerItemProxy section */
		149080171D5D40E600C808E4 /* PBXContainerItemProxy */ = {
			isa = PBXContainerItemProxy;
			containerPortal = 14907FFA1D5D40E600C808E4 /* Project object */;
			proxyType = 1;
			remoteGlobalIDString = 149080011D5D40E600C808E4;
			remoteInfo = MiraclePill;
		};
		149080221D5D40E600C808E4 /* PBXContainerItemProxy */ = {
			isa = PBXContainerItemProxy;
			containerPortal = 14907FFA1D5D40E600C808E4 /* Project object */;
			proxyType = 1;
			remoteGlobalIDString = 149080011D5D40E600C808E4;
			remoteInfo = MiraclePill;
		};
/* End PBXContainerItemProxy section */

/* Begin PBXFileReference section */
		149080021D5D40E600C808E4 /* MiraclePill.app */ = {isa = PBXFileReference; explicitFileType = wrapper.application; includeInIndex = 0; path = MiraclePill.app; sourceTree = BUILT_PRODUCTS_DIR; };
		149080051D5D40E600C808E4 /* AppDelegate.swift */ = {isa = PBXFileReference; lastKnownFileType = sourcecode.swift; path = AppDelegate.swift; sourceTree = "<group>"; };
		149080071D5D40E600C808E4 /* ViewController.swift */ = {isa = PBXFileReference; lastKnownFileType = sourcecode.swift; path = ViewController.swift; sourceTree = "<group>"; };
		1490800A1D5D40E600C808E4 /* Base */ = {isa = PBXFileReference; lastKnownFileType = file.storyboard; name = Base; path = Base.lproj/Main.storyboard; sourceTree = "<group>"; };
		1490800C1D5D40E600C808E4 /* Assets.xcassets */ = {isa = PBXFileReference; lastKnownFileType = folder.assetcatalog; path = Assets.xcassets; sourceTree = "<group>"; };
		1490800F1D5D40E600C808E4 /* Base */ = {isa = PBXFileReference; lastKnownFileType = file.storyboard; name = Base; path = Base.lproj/LaunchScreen.storyboard; sourceTree = "<group>"; };
		149080111D5D40E600C808E4 /* Info.plist */ = {isa = PBXFileReference; lastKnownFileType = text.plist.xml; path = Info.plist; sourceTree = "<group>"; };
		149080161D5D40E600C808E4 /* MiraclePillTests.xctest */ = {isa = PBXFileReference; explicitFileType = wrapper.cfbundle; includeInIndex = 0; path = MiraclePillTests.xctest; sourceTree = BUILT_PRODUCTS_DIR; };
		1490801A1D5D40E600C808E4 /* MiraclePillTests.swift */ = {isa = PBXFileReference; lastKnownFileType = sourcecode.swift; path = MiraclePillTests.swift; sourceTree = "<group>"; };
		1490801C1D5D40E600C808E4 /* Info.plist */ = {isa = PBXFileReference; lastKnownFileType = text.plist.xml; path = Info.plist; sourceTree = "<group>"; };
		149080211D5D40E600C808E4 /* MiraclePillUITests.xctest */ = {isa = PBXFileReference; explicitFileType = wrapper.cfbundle; includeInIndex = 0; path = MiraclePillUITests.xctest; sourceTree = BUILT_PRODUCTS_DIR; };
		149080251D5D40E600C808E4 /* MiraclePillUITests.swift */ = {isa = PBXFileReference; lastKnownFileType = sourcecode.swift; path = MiraclePillUITests.swift; sourceTree = "<group>"; };
		149080271D5D40E600C808E4 /* Info.plist */ = {isa = PBXFileReference; lastKnownFileType = text.plist.xml; path = Info.plist; sourceTree = "<group>"; };
/* End PBXFileReference section */

/* Begin PBXFrameworksBuildPhase section */
		14907FFF1D5D40E600C808E4 /* Frameworks */ = {
			isa = PBXFrameworksBuildPhase;
			buildActionMask = 2147483647;
			files = (
			);
			runOnlyForDeploymentPostprocessing = 0;
		};
		149080131D5D40E600C808E4 /* Frameworks */ = {
			isa = PBXFrameworksBuildPhase;
			buildActionMask = 2147483647;
			files = (
			);
			runOnlyForDeploymentPostprocessing = 0;
		};
		1490801E1D5D40E600C808E4 /* Frameworks */ = {
			isa = PBXFrameworksBuildPhase;
			buildActionMask = 2147483647;
			files = (
			);
			runOnlyForDeploymentPostprocessing = 0;
		};
/* End PBXFrameworksBuildPhase section */

/* Begin PBXGroup section */
		14907FF91D5D40E600C808E4 = {
			isa = PBXGroup;
			children = (
				149080041D5D40E600C808E4 /* MiraclePill */,
				149080191D5D40E600C808E4 /* MiraclePillTests */,
				149080241D5D40E600C808E4 /* MiraclePillUITests */,
				149080031D5D40E600C808E4 /* Products */,
			);
			sourceTree = "<group>";
		};
		149080031D5D40E600C808E4 /* Products */ = {
			isa = PBXGroup;
			children = (
				149080021D5D40E600C808E4 /* MiraclePill.app */,
				149080161D5D40E600C808E4 /* MiraclePillTests.xctest */,
				149080211D5D40E600C808E4 /* MiraclePillUITests.xctest */,
			);
			name = Products;
			sourceTree = "<group>";
		};
		149080041D5D40E600C808E4 /* MiraclePill */ = {
			isa = PBXGroup;
			children = (
				149080051D5D40E600C808E4 /* AppDelegate.swift */,
				149080071D5D40E600C808E4 /* ViewController.swift */,
				149080091D5D40E600C808E4 /* Main.storyboard */,
				1490800C1D5D40E600C808E4 /* Assets.xcassets */,
				1490800E1D5D40E600C808E4 /* LaunchScreen.storyboard */,
				149080111D5D40E600C808E4 /* Info.plist */,
			);
			path = MiraclePill;
			sourceTree = "<group>";
		};
		149080191D5D40E600C808E4 /* MiraclePillTests */ = {
			isa = PBXGroup;
			children = (
				1490801A1D5D40E600C808E4 /* MiraclePillTests.swift */,
				1490801C1D5D40E600C808E4 /* Info.plist */,
			);
			path = MiraclePillTests;
			sourceTree = "<group>";
		};
		149080241D5D40E600C808E4 /* MiraclePillUITests */ = {
			isa = PBXGroup;
			children = (
				149080251D5D40E600C808E4 /* MiraclePillUITests.swift */,
				149080271D5D40E600C808E4 /* Info.plist */,
			);
			path = MiraclePillUITests;
			sourceTree = "<group>";
		};
/* End PBXGroup section */

/* Begin PBXNativeTarget section */
		149080011D5D40E600C808E4 /* MiraclePill */ = {
			isa = PBXNativeTarget;
			buildConfigurationList = 1490802A1D5D40E600C808E4 /* Build configuration list for PBXNativeTarget "MiraclePill" */;
			buildPhases = (
				14907FFE1D5D40E600C808E4 /* Sources */,
				14907FFF1D5D40E600C808E4 /* Frameworks */,
				149080001D5D40E600C808E4 /* Resources */,
			);
			buildRules = (
			);
			dependencies = (
			);
			name = MiraclePill;
			productName = MiraclePill;
			productReference = 149080021D5D40E600C808E4 /* MiraclePill.app */;
			productType = "com.apple.product-type.application";
		};
		149080151D5D40E600C808E4 /* MiraclePillTests */ = {
			isa = PBXNativeTarget;
			buildConfigurationList = 1490802D1D5D40E600C808E4 /* Build configuration list for PBXNativeTarget "MiraclePillTests" */;
			buildPhases = (
				149080121D5D40E600C808E4 /* Sources */,
				149080131D5D40E600C808E4 /* Frameworks */,
				149080141D5D40E600C808E4 /* Resources */,
			);
			buildRules = (
			);
			dependencies = (
				149080181D5D40E600C808E4 /* PBXTargetDependency */,
			);
			name = MiraclePillTests;
			productName = MiraclePillTests;
			productReference = 149080161D5D40E600C808E4 /* MiraclePillTests.xctest */;
			productType = "com.apple.product-type.bundle.unit-test";
		};
		149080201D5D40E600C808E4 /* MiraclePillUITests */ = {
			isa = PBXNativeTarget;
			buildConfigurationList = 149080301D5D40E600C808E4 /* Build configuration list for PBXNativeTarget "MiraclePillUITests" */;
			buildPhases = (
				1490801D1D5D40E600C808E4 /* Sources */,
				1490801E1D5D40E600C808E4 /* Frameworks */,
				1490801F1D5D40E600C808E4 /* Resources */,
			);
			buildRules = (
			);
			dependencies = (
				149080231D5D40E600C808E4 /* PBXTargetDependency */,
			);
			name = MiraclePillUITests;
			productName = MiraclePillUITests;
			productReference = 149080211D5D40E600C808E4 /* MiraclePillUITests.xctest */;
			productType = "com.apple.product-type.bundle.ui-testing";
		};
/* End PBXNativeTarget section */

/* Begin PBXProject section */
		14907FFA1D5D40E600C808E4 /* Project object */ = {
			isa = PBXProject;
			attributes = {
				LastSwiftUpdateCheck = 0800;
				LastUpgradeCheck = 0800;
				ORGANIZATIONNAME = Joopkins;
				TargetAttributes = {
					149080011D5D40E600C808E4 = {
						CreatedOnToolsVersion = 8.0;
						ProvisioningStyle = Automatic;
					};
					149080151D5D40E600C808E4 = {
						CreatedOnToolsVersion = 8.0;
						ProvisioningStyle = Automatic;
						TestTargetID = 149080011D5D40E600C808E4;
					};
					149080201D5D40E600C808E4 = {
						CreatedOnToolsVersion = 8.0;
						ProvisioningStyle = Automatic;
						TestTargetID = 149080011D5D40E600C808E4;
					};
				};
			};
			buildConfigurationList = 14907FFD1D5D40E600C808E4 /* Build configuration list for PBXProject "MiraclePill" */;
			compatibilityVersion = "Xcode 3.2";
			developmentRegion = English;
			hasScannedForEncodings = 0;
			knownRegions = (
				en,
				Base,
			);
			mainGroup = 14907FF91D5D40E600C808E4;
			productRefGroup = 149080031D5D40E600C808E4 /* Products */;
			projectDirPath = "";
			projectRoot = "";
			targets = (
				149080011D5D40E600C808E4 /* MiraclePill */,
				149080151D5D40E600C808E4 /* MiraclePillTests */,
				149080201D5D40E600C808E4 /* MiraclePillUITests */,
			);
		};
/* End PBXProject section */

/* Begin PBXResourcesBuildPhase section */
		149080001D5D40E600C808E4 /* Resources */ = {
			isa = PBXResourcesBuildPhase;
			buildActionMask = 2147483647;
			files = (
				149080101D5D40E600C808E4 /* LaunchScreen.storyboard in Resources */,
				1490800D1D5D40E600C808E4 /* Assets.xcassets in Resources */,
				1490800B1D5D40E600C808E4 /* Main.storyboard in Resources */,
			);
			runOnlyForDeploymentPostprocessing = 0;
		};
		149080141D5D40E600C808E4 /* Resources */ = {
			isa = PBXResourcesBuildPhase;
			buildActionMask = 2147483647;
			files = (
			);
			runOnlyForDeploymentPostprocessing = 0;
		};
		1490801F1D5D40E600C808E4 /* Resources */ = {
			isa = PBXResourcesBuildPhase;
			buildActionMask = 2147483647;
			files = (
			);
			runOnlyForDeploymentPostprocessing = 0;
		};
/* End PBXResourcesBuildPhase section */

/* Begin PBXSourcesBuildPhase section */
		14907FFE1D5D40E600C808E4 /* Sources */ = {
			isa = PBXSourcesBuildPhase;
			buildActionMask = 2147483647;
			files = (
				149080081D5D40E600C808E4 /* ViewController.swift in Sources */,
				149080061D5D40E600C808E4 /* AppDelegate.swift in Sources */,
			);
			runOnlyForDeploymentPostprocessing = 0;
		};
		149080121D5D40E600C808E4 /* Sources */ = {
			isa = PBXSourcesBuildPhase;
			buildActionMask = 2147483647;
			files = (
				1490801B1D5D40E600C808E4 /* MiraclePillTests.swift in Sources */,
			);
			runOnlyForDeploymentPostprocessing = 0;
		};
		1490801D1D5D40E600C808E4 /* Sources */ = {
			isa = PBXSourcesBuildPhase;
			buildActionMask = 2147483647;
			files = (
				149080261D5D40E600C808E4 /* MiraclePillUITests.swift in Sources */,
			);
			runOnlyForDeploymentPostprocessing = 0;
		};
/* End PBXSourcesBuildPhase section */

/* Begin PBXTargetDependency section */
		149080181D5D40E600C808E4 /* PBXTargetDependency */ = {
			isa = PBXTargetDependency;
			target = 149080011D5D40E600C808E4 /* MiraclePill */;
			targetProxy = 149080171D5D40E600C808E4 /* PBXContainerItemProxy */;
		};
		149080231D5D40E600C808E4 /* PBXTargetDependency */ = {
			isa = PBXTargetDependency;
			target = 149080011D5D40E600C808E4 /* MiraclePill */;
			targetProxy = 149080221D5D40E600C808E4 /* PBXContainerItemProxy */;
		};
/* End PBXTargetDependency section */

/* Begin PBXVariantGroup section */
		149080091D5D40E600C808E4 /* Main.storyboard */ = {
			isa = PBXVariantGroup;
			children = (
				1490800A1D5D40E600C808E4 /* Base */,
			);
			name = Main.storyboard;
			sourceTree = "<group>";
		};
		1490800E1D5D40E600C808E4 /* LaunchScreen.storyboard */ = {
			isa = PBXVariantGroup;
			children = (
				1490800F1D5D40E600C808E4 /* Base */,
			);
			name = LaunchScreen.storyboard;
			sourceTree = "<group>";
		};
/* End PBXVariantGroup section */

/* Begin XCBuildConfiguration section */
		149080281D5D40E600C808E4 /* Debug */ = {
			isa = XCBuildConfiguration;
			buildSettings = {
				ALWAYS_SEARCH_USER_PATHS = NO;
				CLANG_ANALYZER_NONNULL = YES;
				CLANG_CXX_LANGUAGE_STANDARD = "gnu++0x";
				CLANG_CXX_LIBRARY = "libc++";
				CLANG_ENABLE_MODULES = YES;
				CLANG_ENABLE_OBJC_ARC = YES;
				CLANG_WARN_BOOL_CONVERSION = YES;
				CLANG_WARN_CONSTANT_CONVERSION = YES;
				CLANG_WARN_DIRECT_OBJC_ISA_USAGE = YES_ERROR;
				CLANG_WARN_DOCUMENTATION_COMMENTS = YES;
				CLANG_WARN_EMPTY_BODY = YES;
				CLANG_WARN_ENUM_CONVERSION = YES;
				CLANG_WARN_INFINITE_RECURSION = YES;
				CLANG_WARN_INT_CONVERSION = YES;
				CLANG_WARN_OBJC_ROOT_CLASS = YES_ERROR;
				CLANG_WARN_SUSPICIOUS_MOVES = YES;
				CLANG_WARN_UNREACHABLE_CODE = YES;
				CLANG_WARN__DUPLICATE_METHOD_MATCH = YES;
				"CODE_SIGN_IDENTITY[sdk=iphoneos*]" = "iPhone Developer";
				COPY_PHASE_STRIP = NO;
				DEBUG_INFORMATION_FORMAT = dwarf;
				ENABLE_STRICT_OBJC_MSGSEND = YES;
				ENABLE_TESTABILITY = YES;
				GCC_C_LANGUAGE_STANDARD = gnu99;
				GCC_DYNAMIC_NO_PIC = NO;
				GCC_NO_COMMON_BLOCKS = YES;
				GCC_OPTIMIZATION_LEVEL = 0;
				GCC_PREPROCESSOR_DEFINITIONS = (
					"DEBUG=1",
					"$(inherited)",
				);
				GCC_WARN_64_TO_32_BIT_CONVERSION = YES;
				GCC_WARN_ABOUT_RETURN_TYPE = YES_ERROR;
				GCC_WARN_UNDECLARED_SELECTOR = YES;
				GCC_WARN_UNINITIALIZED_AUTOS = YES_AGGRESSIVE;
				GCC_WARN_UNUSED_FUNCTION = YES;
				GCC_WARN_UNUSED_VARIABLE = YES;
				IPHONEOS_DEPLOYMENT_TARGET = 10.0;
				MTL_ENABLE_DEBUG_INFO = YES;
				ONLY_ACTIVE_ARCH = YES;
				SDKROOT = iphoneos;
				SWIFT_ACTIVE_COMPILATION_CONDITIONS = DEBUG;
				SWIFT_OPTIMIZATION_LEVEL = "-Onone";
				TARGETED_DEVICE_FAMILY = "1,2";
			};
			name = Debug;
		};
		149080291D5D40E600C808E4 /* Release */ = {
			isa = XCBuildConfiguration;
			buildSettings = {
				ALWAYS_SEARCH_USER_PATHS = NO;
				CLANG_ANALYZER_NONNULL = YES;
				CLANG_CXX_LANGUAGE_STANDARD = "gnu++0x";
				CLANG_CXX_LIBRARY = "libc++";
				CLANG_ENABLE_MODULES = YES;
				CLANG_ENABLE_OBJC_ARC = YES;
				CLANG_WARN_BOOL_CONVERSION = YES;
				CLANG_WARN_CONSTANT_CONVERSION = YES;
				CLANG_WARN_DIRECT_OBJC_ISA_USAGE = YES_ERROR;
				CLANG_WARN_DOCUMENTATION_COMMENTS = YES;
				CLANG_WARN_EMPTY_BODY = YES;
				CLANG_WARN_ENUM_CONVERSION = YES;
				CLANG_WARN_INFINITE_RECURSION = YES;
				CLANG_WARN_INT_CONVERSION = YES;
				CLANG_WARN_OBJC_ROOT_CLASS = YES_ERROR;
				CLANG_WARN_SUSPICIOUS_MOVES = YES;
				CLANG_WARN_UNREACHABLE_CODE = YES;
				CLANG_WARN__DUPLICATE_METHOD_MATCH = YES;
				"CODE_SIGN_IDENTITY[sdk=iphoneos*]" = "iPhone Developer";
				COPY_PHASE_STRIP = NO;
				DEBUG_INFORMATION_FORMAT = "dwarf-with-dsym";
				ENABLE_NS_ASSERTIONS = NO;
				ENABLE_STRICT_OBJC_MSGSEND = YES;
				GCC_C_LANGUAGE_STANDARD = gnu99;
				GCC_NO_COMMON_BLOCKS = YES;
				GCC_WARN_64_TO_32_BIT_CONVERSION = YES;
				GCC_WARN_ABOUT_RETURN_TYPE = YES_ERROR;
				GCC_WARN_UNDECLARED_SELECTOR = YES;
				GCC_WARN_UNINITIALIZED_AUTOS = YES_AGGRESSIVE;
				GCC_WARN_UNUSED_FUNCTION = YES;
				GCC_WARN_UNUSED_VARIABLE = YES;
				IPHONEOS_DEPLOYMENT_TARGET = 10.0;
				MTL_ENABLE_DEBUG_INFO = NO;
				SDKROOT = iphoneos;
				SWIFT_OPTIMIZATION_LEVEL = "-Owholemodule";
				TARGETED_DEVICE_FAMILY = "1,2";
				VALIDATE_PRODUCT = YES;
			};
			name = Release;
		};
		1490802B1D5D40E600C808E4 /* Debug */ = {
			isa = XCBuildConfiguration;
			buildSettings = {
				ASSETCATALOG_COMPILER_APPICON_NAME = AppIcon;
				INFOPLIST_FILE = MiraclePill/Info.plist;
				LD_RUNPATH_SEARCH_PATHS = "$(inherited) @executable_path/Frameworks";
				PRODUCT_BUNDLE_IDENTIFIER = com.joopkins.MiraclePill;
				PRODUCT_NAME = "$(TARGET_NAME)";
				SWIFT_VERSION = 3.0;
			};
			name = Debug;
		};
		1490802C1D5D40E600C808E4 /* Release */ = {
			isa = XCBuildConfiguration;
			buildSettings = {
				ASSETCATALOG_COMPILER_APPICON_NAME = AppIcon;
				INFOPLIST_FILE = MiraclePill/Info.plist;
				LD_RUNPATH_SEARCH_PATHS = "$(inherited) @executable_path/Frameworks";
				PRODUCT_BUNDLE_IDENTIFIER = com.joopkins.MiraclePill;
				PRODUCT_NAME = "$(TARGET_NAME)";
				SWIFT_VERSION = 3.0;
			};
			name = Release;
		};
		1490802E1D5D40E600C808E4 /* Debug */ = {
			isa = XCBuildConfiguration;
			buildSettings = {
				BUNDLE_LOADER = "$(TEST_HOST)";
				INFOPLIST_FILE = MiraclePillTests/Info.plist;
				LD_RUNPATH_SEARCH_PATHS = "$(inherited) @executable_path/Frameworks @loader_path/Frameworks";
				PRODUCT_BUNDLE_IDENTIFIER = com.joopkins.MiraclePillTests;
				PRODUCT_NAME = "$(TARGET_NAME)";
				SWIFT_VERSION = 3.0;
				TEST_HOST = "$(BUILT_PRODUCTS_DIR)/MiraclePill.app/MiraclePill";
			};
			name = Debug;
		};
		1490802F1D5D40E600C808E4 /* Release */ = {
			isa = XCBuildConfiguration;
			buildSettings = {
				BUNDLE_LOADER = "$(TEST_HOST)";
				INFOPLIST_FILE = MiraclePillTests/Info.plist;
				LD_RUNPATH_SEARCH_PATHS = "$(inherited) @executable_path/Frameworks @loader_path/Frameworks";
				PRODUCT_BUNDLE_IDENTIFIER = com.joopkins.MiraclePillTests;
				PRODUCT_NAME = "$(TARGET_NAME)";
				SWIFT_VERSION = 3.0;
				TEST_HOST = "$(BUILT_PRODUCTS_DIR)/MiraclePill.app/MiraclePill";
			};
			name = Release;
		};
		149080311D5D40E600C808E4 /* Debug */ = {
			isa = XCBuildConfiguration;
			buildSettings = {
				INFOPLIST_FILE = MiraclePillUITests/Info.plist;
				LD_RUNPATH_SEARCH_PATHS = "$(inherited) @executable_path/Frameworks @loader_path/Frameworks";
				PRODUCT_BUNDLE_IDENTIFIER = com.joopkins.MiraclePillUITests;
				PRODUCT_NAME = "$(TARGET_NAME)";
				SWIFT_VERSION = 3.0;
				TEST_TARGET_NAME = MiraclePill;
			};
			name = Debug;
		};
		149080321D5D40E600C808E4 /* Release */ = {
			isa = XCBuildConfiguration;
			buildSettings = {
				INFOPLIST_FILE = MiraclePillUITests/Info.plist;
				LD_RUNPATH_SEARCH_PATHS = "$(inherited) @executable_path/Frameworks @loader_path/Frameworks";
				PRODUCT_BUNDLE_IDENTIFIER = com.joopkins.MiraclePillUITests;
				PRODUCT_NAME = "$(TARGET_NAME)";
				SWIFT_VERSION = 3.0;
				TEST_TARGET_NAME = MiraclePill;
			};
			name = Release;
		};
/* End XCBuildConfiguration section */

/* Begin XCConfigurationList section */
		14907FFD1D5D40E600C808E4 /* Build configuration list for PBXProject "MiraclePill" */ = {
			isa = XCConfigurationList;
			buildConfigurations = (
				149080281D5D40E600C808E4 /* Debug */,
				149080291D5D40E600C808E4 /* Release */,
			);
			defaultConfigurationIsVisible = 0;
			defaultConfigurationName = Release;
		};
		1490802A1D5D40E600C808E4 /* Build configuration list for PBXNativeTarget "MiraclePill" */ = {
			isa = XCConfigurationList;
			buildConfigurations = (
				1490802B1D5D40E600C808E4 /* Debug */,
				1490802C1D5D40E600C808E4 /* Release */,
			);
			defaultConfigurationIsVisible = 0;
		};
		1490802D1D5D40E600C808E4 /* Build configuration list for PBXNativeTarget "MiraclePillTests" */ = {
			isa = XCConfigurationList;
			buildConfigurations = (
				1490802E1D5D40E600C808E4 /* Debug */,
				1490802F1D5D40E600C808E4 /* Release */,
			);
			defaultConfigurationIsVisible = 0;
		};
		149080301D5D40E600C808E4 /* Build configuration list for PBXNativeTarget "MiraclePillUITests" */ = {
			isa = XCConfigurationList;
			buildConfigurations = (
				149080311D5D40E600C808E4 /* Debug */,
				149080321D5D40E600C808E4 /* Release */,
			);
			defaultConfigurationIsVisible = 0;
		};
/* End XCConfigurationList section */
	};
	rootObject = 14907FFA1D5D40E600C808E4 /* Project object */;
}
